
Microsoft Visual Studio Solution File, Format Version 12.00
# Visual Studio Version 17
VisualStudioVersion = 17.5.33530.505
MinimumVisualStudioVersion = 10.0.40219.1
Project("{FAE04EC0-301F-11D3-BF4B-00C04F79EFBC}") = "MEMS", "MEMS.csproj", "{5867990A-3DCC-4914-8EBF-1CBA16F4F924}"
EndProject
Project("{FAE04EC0-301F-11D3-BF4B-00C04F79EFBC}") = "MEMSTest", "MEMSTest\MEMSTest.csproj", "{BC562694-640A-4EF2-8108-D50FBE37BB38}"
EndProject
Global
	GlobalSection(SolutionConfigurationPlatforms) = preSolution
		Debug|Any CPU = Debug|Any CPU
		Release|Any CPU = Release|Any CPU
	EndGlobalSection
	GlobalSection(ProjectConfigurationPlatforms) = postSolution
		{5867990A-3DCC-4914-8EBF-1CBA16F4F924}.Debug|Any CPU.ActiveCfg = Debug|Any CPU
		{5867990A-3DCC-4914-8EBF-1CBA16F4F924}.Debug|Any CPU.Build.0 = Debug|Any CPU
		{5867990A-3DCC-4914-8EBF-1CBA16F4F924}.Release|Any CPU.ActiveCfg = Release|Any CPU
		{5867990A-3DCC-4914-8EBF-1CBA16F4F924}.Release|Any CPU.Build.0 = Release|Any CPU
		{BC562694-640A-4EF2-8108-D50FBE37BB38}.Debug|Any CPU.ActiveCfg = Debug|Any CPU
		{BC562694-640A-4EF2-8108-D50FBE37BB38}.Debug|Any CPU.Build.0 = Debug|Any CPU
		{BC562694-640A-4EF2-8108-D50FBE37BB38}.Release|Any CPU.ActiveCfg = Release|Any CPU
		{BC562694-640A-4EF2-8108-D50FBE37BB38}.Release|Any CPU.Build.0 = Release|Any CPU
	EndGlobalSection
	GlobalSection(SolutionProperties) = preSolution
		HideSolutionNode = FALSE
	EndGlobalSection
	GlobalSection(ExtensibilityGlobals) = postSolution
		SolutionGuid = {F7342258-3A33-4C8C-947F-226361CDEAA0}
	EndGlobalSection
EndGlobal
